// !$*UTF8*$!
{
	archiveVersion = 1;
	classes = {
	};
	objectVersion = 48;
	objects = {

/* Begin PBXBuildFile section */
		28588C9C1FA2209100C5A854 /* AppDelegate.swift in Sources */ = {isa = PBXBuildFile; fileRef = 28588C9B1FA2209100C5A854 /* AppDelegate.swift */; };
		28588C9E1FA2209100C5A854 /* ViewController.swift in Sources */ = {isa = PBXBuildFile; fileRef = 28588C9D1FA2209100C5A854 /* ViewController.swift */; };
		28588CA11FA2209100C5A854 /* Main.storyboard in Resources */ = {isa = PBXBuildFile; fileRef = 28588C9F1FA2209100C5A854 /* Main.storyboard */; };
		28588CA31FA2209100C5A854 /* Assets.xcassets in Resources */ = {isa = PBXBuildFile; fileRef = 28588CA21FA2209100C5A854 /* Assets.xcassets */; };
		28588CA61FA2209100C5A854 /* LaunchScreen.storyboard in Resources */ = {isa = PBXBuildFile; fileRef = 28588CA41FA2209100C5A854 /* LaunchScreen.storyboard */; };
		28588CB31FA2236700C5A854 /* CreativityController.swift in Sources */ = {isa = PBXBuildFile; fileRef = 28588CB21FA2236700C5A854 /* CreativityController.swift */; };
		28588CB51FA2237D00C5A854 /* ProgrammingController.swift in Sources */ = {isa = PBXBuildFile; fileRef = 28588CB41FA2237D00C5A854 /* ProgrammingController.swift */; };
		28588CB71FA223B700C5A854 /* AbstractionController.swift in Sources */ = {isa = PBXBuildFile; fileRef = 28588CB61FA223B700C5A854 /* AbstractionController.swift */; };
		28588CB91FA223E000C5A854 /* DataController.swift in Sources */ = {isa = PBXBuildFile; fileRef = 28588CB81FA223E000C5A854 /* DataController.swift */; };
		28588CBB1FA2240500C5A854 /* AlgorithmController.swift in Sources */ = {isa = PBXBuildFile; fileRef = 28588CBA1FA2240500C5A854 /* AlgorithmController.swift */; };
		28588CBD1FA2241700C5A854 /* InternetController.swift in Sources */ = {isa = PBXBuildFile; fileRef = 28588CBC1FA2241700C5A854 /* InternetController.swift */; };
		28588CBF1FA2242C00C5A854 /* GlobalImpactController.swift in Sources */ = {isa = PBXBuildFile; fileRef = 28588CBE1FA2242C00C5A854 /* GlobalImpactController.swift */; };
/* End PBXBuildFile section */

/* Begin PBXFileReference section */
		28588C981FA2209100C5A854 /* seanKuo_CSP.app */ = {isa = PBXFileReference; explicitFileType = wrapper.application; includeInIndex = 0; path = seanKuo_CSP.app; sourceTree = BUILT_PRODUCTS_DIR; };
		28588C9B1FA2209100C5A854 /* AppDelegate.swift */ = {isa = PBXFileReference; lastKnownFileType = sourcecode.swift; path = AppDelegate.swift; sourceTree = "<group>"; };
		28588C9D1FA2209100C5A854 /* ViewController.swift */ = {isa = PBXFileReference; lastKnownFileType = sourcecode.swift; path = ViewController.swift; sourceTree = "<group>"; };
		28588CA01FA2209100C5A854 /* Base */ = {isa = PBXFileReference; lastKnownFileType = file.storyboard; name = Base; path = Base.lproj/Main.storyboard; sourceTree = "<group>"; };
		28588CA21FA2209100C5A854 /* Assets.xcassets */ = {isa = PBXFileReference; lastKnownFileType = folder.assetcatalog; path = Assets.xcassets; sourceTree = "<group>"; };
		28588CA51FA2209100C5A854 /* Base */ = {isa = PBXFileReference; lastKnownFileType = file.storyboard; name = Base; path = Base.lproj/LaunchScreen.storyboard; sourceTree = "<group>"; };
		28588CA71FA2209100C5A854 /* Info.plist */ = {isa = PBXFileReference; lastKnownFileType = text.plist.xml; path = Info.plist; sourceTree = "<group>"; };
		28588CB21FA2236700C5A854 /* CreativityController.swift */ = {isa = PBXFileReference; lastKnownFileType = sourcecode.swift; path = CreativityController.swift; sourceTree = "<group>"; };
		28588CB41FA2237D00C5A854 /* ProgrammingController.swift */ = {isa = PBXFileReference; lastKnownFileType = sourcecode.swift; path = ProgrammingController.swift; sourceTree = "<group>"; };
		28588CB61FA223B700C5A854 /* AbstractionController.swift */ = {isa = PBXFileReference; lastKnownFileType = sourcecode.swift; path = AbstractionController.swift; sourceTree = "<group>"; };
		28588CB81FA223E000C5A854 /* DataController.swift */ = {isa = PBXFileReference; lastKnownFileType = sourcecode.swift; path = DataController.swift; sourceTree = "<group>"; };
		28588CBA1FA2240500C5A854 /* AlgorithmController.swift */ = {isa = PBXFileReference; lastKnownFileType = sourcecode.swift; path = AlgorithmController.swift; sourceTree = "<group>"; };
		28588CBC1FA2241700C5A854 /* InternetController.swift */ = {isa = PBXFileReference; lastKnownFileType = sourcecode.swift; path = InternetController.swift; sourceTree = "<group>"; };
		28588CBE1FA2242C00C5A854 /* GlobalImpactController.swift */ = {isa = PBXFileReference; lastKnownFileType = sourcecode.swift; path = GlobalImpactController.swift; sourceTree = "<group>"; };
/* End PBXFileReference section */

/* Begin PBXFrameworksBuildPhase section */
		28588C951FA2209100C5A854 /* Frameworks */ = {
			isa = PBXFrameworksBuildPhase;
			buildActionMask = 2147483647;
			files = (
			);
			runOnlyForDeploymentPostprocessing = 0;
		};
/* End PBXFrameworksBuildPhase section */

/* Begin PBXGroup section */
		28588C8F1FA2209100C5A854 = {
			isa = PBXGroup;
			children = (
				28588C9A1FA2209100C5A854 /* seanKuo_CSP */,
				28588C991FA2209100C5A854 /* Products */,
			);
			sourceTree = "<group>";
		};
		28588C991FA2209100C5A854 /* Products */ = {
			isa = PBXGroup;
			children = (
				28588C981FA2209100C5A854 /* seanKuo_CSP.app */,
			);
			name = Products;
			sourceTree = "<group>";
		};
		28588C9A1FA2209100C5A854 /* seanKuo_CSP */ = {
			isa = PBXGroup;
			children = (
				28588CA71FA2209100C5A854 /* Info.plist */,
				28588CB11FA2231700C5A854 /* Settings */,
				28588CAF1FA222FE00C5A854 /* StoryBoards */,
				28588CAD1FA222D000C5A854 /* SwiftFiles */,
			);
			path = seanKuo_CSP;
			sourceTree = "<group>";
		};
		28588CAD1FA222D000C5A854 /* SwiftFiles */ = {
			isa = PBXGroup;
			children = (
				28588C9B1FA2209100C5A854 /* AppDelegate.swift */,
				28588C9D1FA2209100C5A854 /* ViewController.swift */,
				28588CB21FA2236700C5A854 /* CreativityController.swift */,
				28588CB41FA2237D00C5A854 /* ProgrammingController.swift */,
				28588CB61FA223B700C5A854 /* AbstractionController.swift */,
				28588CB81FA223E000C5A854 /* DataController.swift */,
				28588CBA1FA2240500C5A854 /* AlgorithmController.swift */,
				28588CBC1FA2241700C5A854 /* InternetController.swift */,
				28588CBE1FA2242C00C5A854 /* GlobalImpactController.swift */,
			);
			path = SwiftFiles;
			sourceTree = "<group>";
		};
		28588CAF1FA222FE00C5A854 /* StoryBoards */ = {
			isa = PBXGroup;
			children = (
				28588C9F1FA2209100C5A854 /* Main.storyboard */,
				28588CA41FA2209100C5A854 /* LaunchScreen.storyboard */,
			);
			path = StoryBoards;
			sourceTree = "<group>";
		};
		28588CB11FA2231700C5A854 /* Settings */ = {
			isa = PBXGroup;
			children = (
				28588CA21FA2209100C5A854 /* Assets.xcassets */,
			);
			path = Settings;
			sourceTree = "<group>";
		};
/* End PBXGroup section */

/* Begin PBXNativeTarget section */
		28588C971FA2209100C5A854 /* seanKuo_CSP */ = {
			isa = PBXNativeTarget;
			buildConfigurationList = 28588CAA1FA2209100C5A854 /* Build configuration list for PBXNativeTarget "seanKuo_CSP" */;
			buildPhases = (
				28588C941FA2209100C5A854 /* Sources */,
				28588C951FA2209100C5A854 /* Frameworks */,
				28588C961FA2209100C5A854 /* Resources */,
			);
			buildRules = (
			);
			dependencies = (
			);
			name = seanKuo_CSP;
			productName = seanKuo_CSP;
			productReference = 28588C981FA2209100C5A854 /* seanKuo_CSP.app */;
			productType = "com.apple.product-type.application";
		};
/* End PBXNativeTarget section */

/* Begin PBXProject section */
		28588C901FA2209100C5A854 /* Project object */ = {
			isa = PBXProject;
			attributes = {
				LastSwiftUpdateCheck = 0900;
				LastUpgradeCheck = 0900;
				ORGANIZATIONNAME = "Kuo, Sean";
				TargetAttributes = {
					28588C971FA2209100C5A854 = {
						CreatedOnToolsVersion = 9.0;
						ProvisioningStyle = Automatic;
					};
				};
			};
			buildConfigurationList = 28588C931FA2209100C5A854 /* Build configuration list for PBXProject "seanKuo_CSP" */;
			compatibilityVersion = "Xcode 8.0";
			developmentRegion = en;
			hasScannedForEncodings = 0;
			knownRegions = (
				en,
				Base,
			);
			mainGroup = 28588C8F1FA2209100C5A854;
			productRefGroup = 28588C991FA2209100C5A854 /* Products */;
			projectDirPath = "";
			projectRoot = "";
			targets = (
				28588C971FA2209100C5A854 /* seanKuo_CSP */,
			);
		};
/* End PBXProject section */

/* Begin PBXResourcesBuildPhase section */
		28588C961FA2209100C5A854 /* Resources */ = {
			isa = PBXResourcesBuildPhase;
			buildActionMask = 2147483647;
			files = (
				28588CA61FA2209100C5A854 /* LaunchScreen.storyboard in Resources */,
				28588CA31FA2209100C5A854 /* Assets.xcassets in Resources */,
				28588CA11FA2209100C5A854 /* Main.storyboard in Resources */,
			);
			runOnlyForDeploymentPostprocessing = 0;
		};
/* End PBXResourcesBuildPhase section */

/* Begin PBXSourcesBuildPhase section */
		28588C941FA2209100C5A854 /* Sources */ = {
			isa = PBXSourcesBuildPhase;
			buildActionMask = 2147483647;
			files = (
				28588CBF1FA2242C00C5A854 /* GlobalImpactController.swift in Sources */,
				28588CBD1FA2241700C5A854 /* InternetController.swift in Sources */,
				28588CBB1FA2240500C5A854 /* AlgorithmController.swift in Sources */,
				28588CB31FA2236700C5A854 /* CreativityController.swift in Sources */,
				28588CB91FA223E000C5A854 /* DataController.swift in Sources */,
				28588CB51FA2237D00C5A854 /* ProgrammingController.swift in Sources */,
				28588CB71FA223B700C5A854 /* AbstractionController.swift in Sources */,
				28588C9E1FA2209100C5A854 /* ViewController.swift in Sources */,
				28588C9C1FA2209100C5A854 /* AppDelegate.swift in Sources */,
			);
			runOnlyForDeploymentPostprocessing = 0;
		};
/* End PBXSourcesBuildPhase section */

/* Begin PBXVariantGroup section */
		28588C9F1FA2209100C5A854 /* Main.storyboard */ = {
			isa = PBXVariantGroup;
			children = (
				28588CA01FA2209100C5A854 /* Base */,
			);
			name = Main.storyboard;
			sourceTree = "<group>";
		};
		28588CA41FA2209100C5A854 /* LaunchScreen.storyboard */ = {
			isa = PBXVariantGroup;
			children = (
				28588CA51FA2209100C5A854 /* Base */,
			);
			name = LaunchScreen.storyboard;
			sourceTree = "<group>";
		};
/* End PBXVariantGroup section */

/* Begin XCBuildConfiguration section */
		28588CA81FA2209100C5A854 /* Debug */ = {
			isa = XCBuildConfiguration;
			buildSettings = {
				ALWAYS_SEARCH_USER_PATHS = NO;
				CLANG_ANALYZER_NONNULL = YES;
				CLANG_ANALYZER_NUMBER_OBJECT_CONVERSION = YES_AGGRESSIVE;
				CLANG_CXX_LANGUAGE_STANDARD = "gnu++14";
				CLANG_CXX_LIBRARY = "libc++";
				CLANG_ENABLE_MODULES = YES;
				CLANG_ENABLE_OBJC_ARC = YES;
				CLANG_WARN_BLOCK_CAPTURE_AUTORELEASING = YES;
				CLANG_WARN_BOOL_CONVERSION = YES;
				CLANG_WARN_COMMA = YES;
				CLANG_WARN_CONSTANT_CONVERSION = YES;
				CLANG_WARN_DIRECT_OBJC_ISA_USAGE = YES_ERROR;
				CLANG_WARN_DOCUMENTATION_COMMENTS = YES;
				CLANG_WARN_EMPTY_BODY = YES;
				CLANG_WARN_ENUM_CONVERSION = YES;
				CLANG_WARN_INFINITE_RECURSION = YES;
				CLANG_WARN_INT_CONVERSION = YES;
				CLANG_WARN_NON_LITERAL_NULL_CONVERSION = YES;
				CLANG_WARN_OBJC_LITERAL_CONVERSION = YES;
				CLANG_WARN_OBJC_ROOT_CLASS = YES_ERROR;
				CLANG_WARN_RANGE_LOOP_ANALYSIS = YES;
				CLANG_WARN_STRICT_PROTOTYPES = YES;
				CLANG_WARN_SUSPICIOUS_MOVE = YES;
				CLANG_WARN_UNGUARDED_AVAILABILITY = YES_AGGRESSIVE;
				CLANG_WARN_UNREACHABLE_CODE = YES;
				CLANG_WARN__DUPLICATE_METHOD_MATCH = YES;
				CODE_SIGN_IDENTITY = "iPhone Developer";
				COPY_PHASE_STRIP = NO;
				DEBUG_INFORMATION_FORMAT = dwarf;
				ENABLE_STRICT_OBJC_MSGSEND = YES;
				ENABLE_TESTABILITY = YES;
				GCC_C_LANGUAGE_STANDARD = gnu11;
				GCC_DYNAMIC_NO_PIC = NO;
				GCC_NO_COMMON_BLOCKS = YES;
				GCC_OPTIMIZATION_LEVEL = 0;
				GCC_PREPROCESSOR_DEFINITIONS = (
					"DEBUG=1",
					"$(inherited)",
				);
				GCC_WARN_64_TO_32_BIT_CONVERSION = YES;
				GCC_WARN_ABOUT_RETURN_TYPE = YES_ERROR;
				GCC_WARN_UNDECLARED_SELECTOR = YES;
				GCC_WARN_UNINITIALIZED_AUTOS = YES_AGGRESSIVE;
				GCC_WARN_UNUSED_FUNCTION = YES;
				GCC_WARN_UNUSED_VARIABLE = YES;
				IPHONEOS_DEPLOYMENT_TARGET = 11.0;
				MTL_ENABLE_DEBUG_INFO = YES;
				ONLY_ACTIVE_ARCH = YES;
				SDKROOT = iphoneos;
				SWIFT_ACTIVE_COMPILATION_CONDITIONS = DEBUG;
				SWIFT_OPTIMIZATION_LEVEL = "-Onone";
			};
			name = Debug;
		};
		28588CA91FA2209100C5A854 /* Release */ = {
			isa = XCBuildConfiguration;
			buildSettings = {
				ALWAYS_SEARCH_USER_PATHS = NO;
				CLANG_ANALYZER_NONNULL = YES;
				CLANG_ANALYZER_NUMBER_OBJECT_CONVERSION = YES_AGGRESSIVE;
				CLANG_CXX_LANGUAGE_STANDARD = "gnu++14";
				CLANG_CXX_LIBRARY = "libc++";
				CLANG_ENABLE_MODULES = YES;
				CLANG_ENABLE_OBJC_ARC = YES;
				CLANG_WARN_BLOCK_CAPTURE_AUTORELEASING = YES;
				CLANG_WARN_BOOL_CONVERSION = YES;
				CLANG_WARN_COMMA = YES;
				CLANG_WARN_CONSTANT_CONVERSION = YES;
				CLANG_WARN_DIRECT_OBJC_ISA_USAGE = YES_ERROR;
				CLANG_WARN_DOCUMENTATION_COMMENTS = YES;
				CLANG_WARN_EMPTY_BODY = YES;
				CLANG_WARN_ENUM_CONVERSION = YES;
				CLANG_WARN_INFINITE_RECURSION = YES;
				CLANG_WARN_INT_CONVERSION = YES;
				CLANG_WARN_NON_LITERAL_NULL_CONVERSION = YES;
				CLANG_WARN_OBJC_LITERAL_CONVERSION = YES;
				CLANG_WARN_OBJC_ROOT_CLASS = YES_ERROR;
				CLANG_WARN_RANGE_LOOP_ANALYSIS = YES;
				CLANG_WARN_STRICT_PROTOTYPES = YES;
				CLANG_WARN_SUSPICIOUS_MOVE = YES;
				CLANG_WARN_UNGUARDED_AVAILABILITY = YES_AGGRESSIVE;
				CLANG_WARN_UNREACHABLE_CODE = YES;
				CLANG_WARN__DUPLICATE_METHOD_MATCH = YES;
				CODE_SIGN_IDENTITY = "iPhone Developer";
				COPY_PHASE_STRIP = NO;
				DEBUG_INFORMATION_FORMAT = "dwarf-with-dsym";
				ENABLE_NS_ASSERTIONS = NO;
				ENABLE_STRICT_OBJC_MSGSEND = YES;
				GCC_C_LANGUAGE_STANDARD = gnu11;
				GCC_NO_COMMON_BLOCKS = YES;
				GCC_WARN_64_TO_32_BIT_CONVERSION = YES;
				GCC_WARN_ABOUT_RETURN_TYPE = YES_ERROR;
				GCC_WARN_UNDECLARED_SELECTOR = YES;
				GCC_WARN_UNINITIALIZED_AUTOS = YES_AGGRESSIVE;
				GCC_WARN_UNUSED_FUNCTION = YES;
				GCC_WARN_UNUSED_VARIABLE = YES;
				IPHONEOS_DEPLOYMENT_TARGET = 11.0;
				MTL_ENABLE_DEBUG_INFO = NO;
				SDKROOT = iphoneos;
				SWIFT_OPTIMIZATION_LEVEL = "-Owholemodule";
				VALIDATE_PRODUCT = YES;
			};
			name = Release;
		};
		28588CAB1FA2209100C5A854 /* Debug */ = {
			isa = XCBuildConfiguration;
			buildSettings = {
				ASSETCATALOG_COMPILER_APPICON_NAME = AppIcon;
				CODE_SIGN_STYLE = Automatic;
				INFOPLIST_FILE = seanKuo_CSP/Info.plist;
				LD_RUNPATH_SEARCH_PATHS = "$(inherited) @executable_path/Frameworks";
				PRODUCT_BUNDLE_IDENTIFIER = "CTEC.seanKuo-CSP";
				PRODUCT_NAME = "$(TARGET_NAME)";
				SWIFT_VERSION = 4.0;
				TARGETED_DEVICE_FAMILY = "1,2";
			};
			name = Debug;
		};
		28588CAC1FA2209100C5A854 /* Release */ = {
			isa = XCBuildConfiguration;
			buildSettings = {
				ASSETCATALOG_COMPILER_APPICON_NAME = AppIcon;
				CODE_SIGN_STYLE = Automatic;
				INFOPLIST_FILE = seanKuo_CSP/Info.plist;
				LD_RUNPATH_SEARCH_PATHS = "$(inherited) @executable_path/Frameworks";
				PRODUCT_BUNDLE_IDENTIFIER = "CTEC.seanKuo-CSP";
				PRODUCT_NAME = "$(TARGET_NAME)";
				SWIFT_VERSION = 4.0;
				TARGETED_DEVICE_FAMILY = "1,2";
			};
			name = Release;
		};
/* End XCBuildConfiguration section */

/* Begin XCConfigurationList section */
		28588C931FA2209100C5A854 /* Build configuration list for PBXProject "seanKuo_CSP" */ = {
			isa = XCConfigurationList;
			buildConfigurations = (
				28588CA81FA2209100C5A854 /* Debug */,
				28588CA91FA2209100C5A854 /* Release */,
			);
			defaultConfigurationIsVisible = 0;
			defaultConfigurationName = Release;
		};
		28588CAA1FA2209100C5A854 /* Build configuration list for PBXNativeTarget "seanKuo_CSP" */ = {
			isa = XCConfigurationList;
			buildConfigurations = (
				28588CAB1FA2209100C5A854 /* Debug */,
				28588CAC1FA2209100C5A854 /* Release */,
			);
			defaultConfigurationIsVisible = 0;
			defaultConfigurationName = Release;
		};
/* End XCConfigurationList section */
	};
	rootObject = 28588C901FA2209100C5A854 /* Project object */;
}
